<?xml version="1.0" encoding="utf-8"?>
<Project ToolsVersion="4.0" xmlns="http://schemas.microsoft.com/developer/msbuild/2003">
  <ItemGroup>
    <Filter Include="Source Files">
      <UniqueIdentifier>{4FC737F1-C7A5-4376-A066-2A32D752A2FF}</UniqueIdentifier>
      <Extensions>cpp;c;cc;cxx;c++;cppm;ixx;def;odl;idl;hpj;bat;asm;asmx</Extensions>
    </Filter>
    <Filter Include="Header Files">
      <UniqueIdentifier>{93995380-89BD-4b04-88EB-625FBE52EBFB}</UniqueIdentifier>
      <Extensions>h;hh;hpp;hxx;h++;hm;inl;inc;ipp;xsd</Extensions>
    </Filter>
    <Filter Include="Resource Files">
      <UniqueIdentifier>{67DA6AB6-F800-4c08-8B7A-83BB121AAD01}</UniqueIdentifier>
      <Extensions>rc;ico;cur;bmp;dlg;rc2;rct;bin;rgs;gif;jpg;jpeg;jpe;resx;tiff;tif;png;wav;mfcribbon-ms</Extensions>
    </Filter>
  </ItemGroup>
  <ItemGroup>
    <ClCompile Include="source\SPH\Graphics\ParticleRenderer.cpp">
      <Filter>Source Files</Filter>
    </ClCompile>
    <ClCompile Include="source\SPH\ParticleBufferManagers\OfflineCPUParticleBufferManager.cpp">
      <Filter>Source Files</Filter>
    </ClCompile>
    <ClCompile Include="source\SPH\ParticleBufferManagers\OfflineGPUParticleBufferManager.cpp">
      <Filter>Source Files</Filter>
    </ClCompile>
    <ClCompile Include="source\SPH\ParticleBufferManagers\RenderableCPUParticleBufferManager.cpp">
      <Filter>Source Files</Filter>
    </ClCompile>
    <ClCompile Include="source\SPH\Core\ParticleSimulationEngine.cpp">
      <Filter>Source Files</Filter>
    </ClCompile>
    <ClCompile Include="source\SPH\SimulationEngines\SimulationEngineCPU.cpp">
      <Filter>Source Files</Filter>
    </ClCompile>
    <ClCompile Include="source\SPH\SimulationEngines\SimulationEngineGPU.cpp">
      <Filter>Source Files</Filter>
    </ClCompile>
    <ClCompile Include="source\SPH\Concurrency\ThreadPool.cpp">
      <Filter>Source Files</Filter>
    </ClCompile>
    <ClCompile Include="source\SPH\OpenCL\OpenCLDebug.cpp">
      <Filter>Source Files</Filter>
    </ClCompile>
    <ClCompile Include="source\SPH\Core\SceneBlueprint.cpp">
      <Filter>Source Files</Filter>
    </ClCompile>
    <ClCompile Include="source\SPH\ParticleSetBlueprints\FilledBoxParticleSetBlueprint.cpp">
      <Filter>Source Files</Filter>
    </ClCompile>
    <ClCompile Include="source\SPH\ParticleSetBlueprints\BoxShellParticleSetBlueprint.cpp">
      <Filter>Source Files</Filter>
    </ClCompile>
    <ClCompile Include="source\SPH\ParticleBufferManagers\OpenCLResourceLock.cpp">
      <Filter>Source Files</Filter>
    </ClCompile>
    <ClCompile Include="source\SPH\Core\ResourceLockGuard.cpp">
      <Filter>Source Files</Filter>
    </ClCompile>
    <ClCompile Include="source\SPH\Concurrency\ThreadParallelTaskManager.cpp">
      <Filter>Source Files</Filter>
    </ClCompile>
    <ClCompile Include="source\pch.cpp">
      <Filter>Source Files</Filter>
    </ClCompile>
    <ClCompile Include="source\SPH\ParticleBufferManagers\RenderableGPUParticleBufferManager.cpp">
      <Filter>Source Files</Filter>
    </ClCompile>
    <ClCompile Include="source\SPH\ParticleBufferManagers\CPUResourceLock.cpp">
      <Filter>Source Files</Filter>
    </ClCompile>
    <ClCompile Include="source\SPH\Kernels\SPHFunctions.cpp">
      <Filter>Source Files</Filter>
    </ClCompile>
    <ClCompile Include="source\SPH\Graphics\Shaders\Shaders.cpp">
      <Filter>Source Files</Filter>
    </ClCompile>
    <ClCompile Include="source\SPH\Kernels\Kernels.cpp">
      <Filter>Source Files</Filter>
    </ClCompile>
    <ClCompile Include="source\SPH\OpenCL\OpenCLContext.cpp">
      <Filter>Source Files</Filter>
    </ClCompile>
    <ClCompile Include="source\SPH\SimulationEngines\SimulationEngineGPUKernels.cpp">
      <Filter>Source Files</Filter>
    </ClCompile>
  </ItemGroup>
  <ItemGroup>
    <ClInclude Include="source\external\json.hpp">
      <Filter>Header Files</Filter>
    </ClInclude>
    <ClInclude Include="source\SPH\Utility\JSONParsing.h">
      <Filter>Header Files</Filter>
    </ClInclude>
    <ClInclude Include="include\SPH\Concurrency\ThreadPool.h">
      <Filter>Header Files</Filter>
    </ClInclude>
    <ClInclude Include="include\SPH\Graphics\ParticleRenderer.h">
      <Filter>Header Files</Filter>
    </ClInclude>
    <ClInclude Include="include\SPH\ParticleBufferManagers\OfflineCPUParticleBufferManager.h">
      <Filter>Header Files</Filter>
    </ClInclude>
    <ClInclude Include="include\SPH\ParticleBufferManagers\OfflineGPUParticleBufferManager.h">
      <Filter>Header Files</Filter>
    </ClInclude>
    <ClInclude Include="include\SPH\Core\ParticleBufferManager.h">
      <Filter>Header Files</Filter>
    </ClInclude>
    <ClInclude Include="include\SPH\ParticleBufferManagers\ParticleBufferManagerGL.h">
      <Filter>Header Files</Filter>
    </ClInclude>
    <ClInclude Include="include\SPH\ParticleBufferManagers\RenderableCPUParticleBufferManager.h">
      <Filter>Header Files</Filter>
    </ClInclude>
    <ClInclude Include="include\SPH\ParticleBufferManagers\RenderableGPUParticleBufferManager.h">
      <Filter>Header Files</Filter>
    </ClInclude>
    <ClInclude Include="include\SPH\ParticleSetBlueprints\BoxShellParticleSetBlueprint.h">
      <Filter>Header Files</Filter>
    </ClInclude>
    <ClInclude Include="include\SPH\ParticleSetBlueprints\FilledBoxParticleSetBlueprint.h">
      <Filter>Header Files</Filter>
    </ClInclude>
    <ClInclude Include="include\SPH\Core\ParticleSetBlueprint.h">
      <Filter>Header Files</Filter>
    </ClInclude>
    <ClInclude Include="include\SPH\Core\SimulationEngine.h">
      <Filter>Header Files</Filter>
    </ClInclude>
    <ClInclude Include="include\SPH\SimulationEngines\SimulationEngineCPU.h">
      <Filter>Header Files</Filter>
    </ClInclude>
    <ClInclude Include="include\SPH\SimulationEngines\SimulationEngineGPU.h">
      <Filter>Header Files</Filter>
    </ClInclude>
    <ClInclude Include="source\SPH\Kernels\SPHFunctions.h">
      <Filter>Header Files</Filter>
    </ClInclude>
    <ClInclude Include="source\SPH\Kernels\Kernels.h">
      <Filter>Header Files</Filter>
    </ClInclude>
    <ClInclude Include="source\SPH\OpenCL\OpenCLDebug.h">
      <Filter>Header Files</Filter>
    </ClInclude>
    <ClInclude Include="include\SPH\Core\SceneBlueprint.h">
      <Filter>Header Files</Filter>
    </ClInclude>
    <ClInclude Include="include\SPH\ParticleBufferManagers\OpenCLResourceLock.h">
      <Filter>Header Files</Filter>
    </ClInclude>
    <ClInclude Include="include\SPH\Core\ResourceLockGuard.h">
      <Filter>Header Files</Filter>
    </ClInclude>
    <ClInclude Include="include\SPH\Concurrency\ThreadParallelTaskManager.h">
      <Filter>Header Files</Filter>
    </ClInclude>
    <ClInclude Include="source\pch.h">
      <Filter>Header Files</Filter>
    </ClInclude>
    <ClInclude Include="include\SPH\ParticleBufferManagers\CPUResourceLock.h">
      <Filter>Header Files</Filter>
    </ClInclude>
    <ClInclude Include="source\SPH\Kernels\CompatibilityHeaderOpenCL.cl">
      <Filter>Header Files</Filter>
    </ClInclude>
    <ClInclude Include="source\SPH\Kernels\CompatibilityHeaderC++.h">
      <Filter>Header Files</Filter>
    </ClInclude>
    <ClInclude Include="include\SPH\Core\Particles.h">
      <Filter>Header Files</Filter>
    </ClInclude>
    <ClInclude Include="source\SPH\Graphics\Shaders\Shaders.h">
      <Filter>Header Files</Filter>
    </ClInclude>
    <ClInclude Include="include\SPH\OpenCL\OpenCLContext.h">
      <Filter>Header Files</Filter>
    </ClInclude>
    <ClInclude Include="include\SPH\SimulationEngines\SimulationEngineGPUKernels.h">
      <Filter>Header Files</Filter>
    </ClInclude>
    <ClInclude Include="source\SPH\OpenCL\PerformanceProfile.h">
      <Filter>Header Files</Filter>
    </ClInclude>
    <ClInclude Include="source\SPH\OpenCL\EventWaitArray.h">
      <Filter>Header Files</Filter>
    </ClInclude>
  </ItemGroup>
  <ItemGroup>
    <None Include="vcpkg.json" />
    <None Include="BlazeEngineProjectPropertySheet.props" />
    <None Include="source\SPH\Graphics\Shaders\particle.frag" />
    <None Include="source\SPH\Graphics\Shaders\particle.vert" />
  </ItemGroup>
</Project>