<?xml version="1.0" encoding="utf-8"?>
<Project ToolsVersion="4.0" xmlns="http://schemas.microsoft.com/developer/msbuild/2003">
  <ItemGroup>
    <Filter Include="Source Files">
      <UniqueIdentifier>{4FC737F1-C7A5-4376-A066-2A32D752A2FF}</UniqueIdentifier>
      <Extensions>cpp;c;cc;cxx;c++;cppm;ixx;def;odl;idl;hpj;bat;asm;asmx</Extensions>
    </Filter>
    <Filter Include="Header Files">
      <UniqueIdentifier>{93995380-89BD-4b04-88EB-625FBE52EBFB}</UniqueIdentifier>
      <Extensions>h;hh;hpp;hxx;h++;hm;inl;inc;ipp;xsd</Extensions>
    </Filter>
    <Filter Include="Resource Files">
      <UniqueIdentifier>{67DA6AB6-F800-4c08-8B7A-83BB121AAD01}</UniqueIdentifier>
      <Extensions>rc;ico;cur;bmp;dlg;rc2;rct;bin;rgs;gif;jpg;jpeg;jpe;resx;tiff;tif;png;wav;mfcribbon-ms</Extensions>
    </Filter>
  </ItemGroup>
  <ItemGroup>
    <ClCompile Include="source\SPH\Graphics\SystemRenderer.cpp">
      <Filter>Source Files</Filter>
    </ClCompile>
    <ClCompile Include="source\SPH\ParticleBufferManager\OfflineCPUParticleBufferManager.cpp">
      <Filter>Source Files</Filter>
    </ClCompile>
    <ClCompile Include="source\SPH\ParticleBufferManager\OfflineGPUParticleBufferManager.cpp">
      <Filter>Source Files</Filter>
    </ClCompile>
    <ClCompile Include="source\SPH\ParticleBufferManager\ParticleBufferManagerRenderData.cpp">
      <Filter>Source Files</Filter>
    </ClCompile>
    <ClCompile Include="source\SPH\ParticleBufferManager\RenderableCPUParticleBufferManager.cpp">
      <Filter>Source Files</Filter>
    </ClCompile>
    <ClCompile Include="source\SPH\ParticleBufferManager\RenderableGPUParticleBufferManager.cpp">
      <Filter>Source Files</Filter>
    </ClCompile>
    <ClCompile Include="source\SPH\System\System.cpp">
      <Filter>Source Files</Filter>
    </ClCompile>
    <ClCompile Include="source\SPH\System\SystemCPU.cpp">
      <Filter>Source Files</Filter>
    </ClCompile>
    <ClCompile Include="source\SPH\System\SystemGPU.cpp">
      <Filter>Source Files</Filter>
    </ClCompile>
    <ClCompile Include="source\SPH\SPHFunctions.cpp">
      <Filter>Source Files</Filter>
    </ClCompile>
    <ClCompile Include="source\pch.cpp">
      <Filter>Source Files</Filter>
    </ClCompile>
    <ClCompile Include="source\ThreadPool.cpp">
      <Filter>Source Files</Filter>
    </ClCompile>
    <ClCompile Include="source\SPH\kernels\kernels.cpp">
      <Filter>Source Files</Filter>
    </ClCompile>
    <ClCompile Include="source\OpenCLDebug.cpp">
      <Filter>Source Files</Filter>
    </ClCompile>
    <ClCompile Include="source\SPH\Scene\Scene.cpp">
      <Filter>Source Files</Filter>
    </ClCompile>
    <ClCompile Include="source\SPH\ParticleSetBlueprint\ParticleSetBlueprint.cpp">
      <Filter>Source Files</Filter>
    </ClCompile>
    <ClCompile Include="source\SPH\ParticleSetBlueprint\FilledBoxParticleSetBlueprint.cpp">
      <Filter>Source Files</Filter>
    </ClCompile>
    <ClCompile Include="source\SPH\ParticleSetBlueprint\BoxShellParticleSetBlueprint.cpp">
      <Filter>Source Files</Filter>
    </ClCompile>
    <ClCompile Include="source\SPH\ParticleBufferManager\ResourceLock.cpp">
      <Filter>Source Files</Filter>
    </ClCompile>
    <ClCompile Include="source\SPH\ParticleBufferManager\OpenCLResourceLock.cpp">
      <Filter>Source Files</Filter>
    </ClCompile>
    <ClCompile Include="source\SPH\ParticleBufferManager\CPUParticleBufferManager.cpp">
      <Filter>Source Files</Filter>
    </ClCompile>
    <ClCompile Include="source\SPH\ParticleBufferManager\GPUParticleBufferManager.cpp">
      <Filter>Source Files</Filter>
    </ClCompile>
  </ItemGroup>
  <ItemGroup>
    <ClInclude Include="include\SPH\kernels\CL_CPP_SPHDeclarations.h">
      <Filter>Header Files</Filter>
    </ClInclude>
    <ClInclude Include="source\SPH\kernels\CL_CPP_SPHFunctions.h">
      <Filter>Header Files</Filter>
    </ClInclude>
    <ClInclude Include="source\pch.h">
      <Filter>Header Files</Filter>
    </ClInclude>
    <ClInclude Include="source\json.hpp">
      <Filter>Header Files</Filter>
    </ClInclude>
    <ClInclude Include="source\JSONParsing.h">
      <Filter>Header Files</Filter>
    </ClInclude>
    <ClInclude Include="include\ThreadPool.h">
      <Filter>Header Files</Filter>
    </ClInclude>
    <ClInclude Include="include\SPH\Graphics\SystemRenderer.h">
      <Filter>Header Files</Filter>
    </ClInclude>
    <ClInclude Include="include\SPH\ParticleBufferManager\CPUParticleBufferManager.h">
      <Filter>Header Files</Filter>
    </ClInclude>
    <ClInclude Include="include\SPH\ParticleBufferManager\GPUParticleBufferManager.h">
      <Filter>Header Files</Filter>
    </ClInclude>
    <ClInclude Include="include\SPH\ParticleBufferManager\OfflineCPUParticleBufferManager.h">
      <Filter>Header Files</Filter>
    </ClInclude>
    <ClInclude Include="include\SPH\ParticleBufferManager\OfflineGPUParticleBufferManager.h">
      <Filter>Header Files</Filter>
    </ClInclude>
    <ClInclude Include="include\SPH\ParticleBufferManager\ParticleBufferManager.h">
      <Filter>Header Files</Filter>
    </ClInclude>
    <ClInclude Include="include\SPH\ParticleBufferManager\ParticleBufferManagerRenderData.h">
      <Filter>Header Files</Filter>
    </ClInclude>
    <ClInclude Include="include\SPH\ParticleBufferManager\RenderableCPUParticleBufferManager.h">
      <Filter>Header Files</Filter>
    </ClInclude>
    <ClInclude Include="include\SPH\ParticleBufferManager\RenderableGPUParticleBufferManager.h">
      <Filter>Header Files</Filter>
    </ClInclude>
    <ClInclude Include="include\SPH\ParticleSetBlueprint\BoxShellParticleSetBlueprint.h">
      <Filter>Header Files</Filter>
    </ClInclude>
    <ClInclude Include="include\SPH\ParticleSetBlueprint\FilledBoxParticleSetBlueprint.h">
      <Filter>Header Files</Filter>
    </ClInclude>
    <ClInclude Include="include\SPH\ParticleSetBlueprint\ParticleSetBlueprint.h">
      <Filter>Header Files</Filter>
    </ClInclude>
    <ClInclude Include="include\SPH\System\System.h">
      <Filter>Header Files</Filter>
    </ClInclude>
    <ClInclude Include="include\SPH\System\SystemCPU.h">
      <Filter>Header Files</Filter>
    </ClInclude>
    <ClInclude Include="include\SPH\System\SystemGPU.h">
      <Filter>Header Files</Filter>
    </ClInclude>
    <ClInclude Include="include\SPH\SPHFunctions.h">
      <Filter>Header Files</Filter>
    </ClInclude>
    <ClInclude Include="source\SPH\kernels\kernels.h">
      <Filter>Header Files</Filter>
    </ClInclude>
    <ClInclude Include="source\OpenCLDebug.h">
      <Filter>Header Files</Filter>
    </ClInclude>
    <ClInclude Include="include\SPH\Scene\Scene.h">
      <Filter>Header Files</Filter>
    </ClInclude>
    <ClInclude Include="include\SPH\ParticleBufferManager\ResourceLock.h">
      <Filter>Header Files</Filter>
    </ClInclude>
    <ClInclude Include="include\SPH\ParticleBufferManager\OpenCLResourceLock.h">
      <Filter>Header Files</Filter>
    </ClInclude>
  </ItemGroup>
  <ItemGroup>
    <None Include="source\SPH\kernels\partialSum.cl" />
    <None Include="source\SPH\kernels\SPH.cl" />
    <None Include="include\SPH\shaders\particle.frag" />
    <None Include="include\SPH\shaders\particle.vert" />
    <None Include="vcpkg.json" />
    <None Include="BlazeEngineProjectPropertySheet.props" />
  </ItemGroup>
</Project>