<?xml version="1.0" encoding="utf-8"?>
<Project ToolsVersion="4.0" xmlns="http://schemas.microsoft.com/developer/msbuild/2003">
  <ItemGroup>
    <Filter Include="Source Files">
      <UniqueIdentifier>{4FC737F1-C7A5-4376-A066-2A32D752A2FF}</UniqueIdentifier>
      <Extensions>cpp;c;cc;cxx;c++;cppm;ixx;def;odl;idl;hpj;bat;asm;asmx</Extensions>
    </Filter>
    <Filter Include="Header Files">
      <UniqueIdentifier>{93995380-89BD-4b04-88EB-625FBE52EBFB}</UniqueIdentifier>
      <Extensions>h;hh;hpp;hxx;h++;hm;inl;inc;ipp;xsd</Extensions>
    </Filter>
    <Filter Include="Resource Files">
      <UniqueIdentifier>{67DA6AB6-F800-4c08-8B7A-83BB121AAD01}</UniqueIdentifier>
      <Extensions>rc;ico;cur;bmp;dlg;rc2;rct;bin;rgs;gif;jpg;jpeg;jpe;resx;tiff;tif;png;wav;mfcribbon-ms</Extensions>
    </Filter>
  </ItemGroup>
  <ItemGroup>
    <ClCompile Include="source\main.cpp">
      <Filter>Source Files</Filter>
    </ClCompile>
    <ClCompile Include="source\pch.cpp">
      <Filter>Source Files</Filter>
    </ClCompile>
    <ClCompile Include="source\RenderingSystem.cpp">
      <Filter>Source Files</Filter>
    </ClCompile>
    <ClCompile Include="source\Scenes\SimulationVisualisationScene\SimVisUI.cpp">
      <Filter>Source Files</Filter>
    </ClCompile>
    <ClCompile Include="source\Scenes\SimulationVisualisationScene\SimulationVisualisationScene.cpp">
      <Filter>Source Files</Filter>
    </ClCompile>
    <ClCompile Include="source\Scenes\ProfilingScene\ProfilingScene.cpp">
      <Filter>Source Files</Filter>
    </ClCompile>
    <ClCompile Include="source\Scenes\ProfilingScene\ProfilingUI.cpp">
      <Filter>Source Files</Filter>
    </ClCompile>
    <ClCompile Include="source\OpenCLContext.cpp">
      <Filter>Source Files</Filter>
    </ClCompile>
    <ClCompile Include="source\Scenes\SimulationVisualisationScene\CameraControls.cpp">
      <Filter>Source Files</Filter>
    </ClCompile>
  </ItemGroup>
  <ItemGroup>
    <ClInclude Include="source\pch.h">
      <Filter>Header Files</Filter>
    </ClInclude>
    <ClInclude Include="source\RenderingSystem.h">
      <Filter>Header Files</Filter>
    </ClInclude>
    <ClInclude Include="source\Scenes\SimulationVisualisationScene\SimVisUI.h">
      <Filter>Header Files</Filter>
    </ClInclude>
    <ClInclude Include="source\Scenes\SimulationVisualisationScene\SimulationVisualisationScene.h">
      <Filter>Header Files</Filter>
    </ClInclude>
    <ClInclude Include="source\Scenes\Scene.h">
      <Filter>Header Files</Filter>
    </ClInclude>
    <ClInclude Include="source\Scenes\ProfilingScene\ProfilingScene.h">
      <Filter>Header Files</Filter>
    </ClInclude>
    <ClInclude Include="source\Scenes\ProfilingScene\ProfilingUI.h">
      <Filter>Header Files</Filter>
    </ClInclude>
    <ClInclude Include="source\OpenCLContext.h">
      <Filter>Header Files</Filter>
    </ClInclude>
    <ClInclude Include="source\json.hpp">
      <Filter>Header Files</Filter>
    </ClInclude>
    <ClInclude Include="source\JSONParsing.h">
      <Filter>Header Files</Filter>
    </ClInclude>
    <ClInclude Include="source\Scenes\SimulationVisualisationScene\CameraControls.h">
      <Filter>Header Files</Filter>
    </ClInclude>
  </ItemGroup>
  <ItemGroup>
    <None Include="BlazeEngineProjectPropertySheet.props">
      <Filter>Resource Files</Filter>
    </None>
    <None Include="assets\shaders\particle.frag" />
    <None Include="assets\shaders\particle.vert" />
    <None Include="vcpkg.json" />
    <None Include="assets\simulationProfiles\systemProfilingProfiles.json" />
    <None Include="assets\simulationProfiles\systemVisualisationProfile.json" />
    <None Include="assets\simulationProfiles\waveProfile.json" />
    <None Include="assets\simulationProfiles\increasingBoxSizeProfiles.json" />
    <None Include="assets\simulationProfiles\increasingReorderTimeIntervalProfiles.json" />
    <None Include="assets\simulationProfiles\waveDetailedProfilingProfile.json" />
    <None Include="assets\simulationProfiles\waveIncreasingParticleReorderTimeIntervalDetailedProfilingProfiles.json" />
    <None Include="assets\simulationProfiles\increasingStaticParticleCountProfiles.json" />
    <None Include="assets\simulationScenes\scene.json" />
  </ItemGroup>
  <ItemGroup>
    <Text Include="outputs\log.txt" />
    <Text Include="outputs\waveZ-curveHash.txt" />
    <Text Include="outputs\waveRandomHash.txt" />
    <Text Include="OpenCLInfo.txt" />
  </ItemGroup>
</Project>